
Microsoft Visual Studio Solution File, Format Version 12.00
# Visual Studio Version 16
VisualStudioVersion = 16.0.29709.97
MinimumVisualStudioVersion = 10.0.40219.1
Project("{9A19103F-16F7-4668-BE54-9A1E7A4F7556}") = "TJSPApi", "TJSPApi.csproj", "{7D07AD8D-C5DA-4287-9687-F7F3EC929643}"
EndProject
Project("{2150E333-8FDC-42A3-9474-1A3956D46DE8}") = "Domain", "Domain", "{949E2225-94F0-4A26-A52E-E466454924CC}"
EndProject
Project("{2150E333-8FDC-42A3-9474-1A3956D46DE8}") = "Infrastructure", "Infrastructure", "{820FBE46-9F80-47EA-9229-C45BB4DDE510}"
EndProject
Project("{9A19103F-16F7-4668-BE54-9A1E7A4F7556}") = "SGDAU.Repository.Infrastructure", "..\InfraStructure\SGDAU.Repository.Infrastructure\SGDAU.Repository.Infrastructure.csproj", "{E85169CD-4B26-4A6B-9755-33805AED66E1}"
EndProject
Project("{9A19103F-16F7-4668-BE54-9A1E7A4F7556}") = "SGDAU.Unidade.Domain", "..\Domain\SGDAU.Unidade.Domain\SGDAU.Unidade.Domain.csproj", "{DD03A8FF-9C42-4C39-B880-E0F68C39AB89}"
EndProject
Project("{9A19103F-16F7-4668-BE54-9A1E7A4F7556}") = "SGDAU.Advogado.Domain", "..\Domain\SGDAU.Advogado.Domain\SGDAU.Advogado.Domain.csproj", "{CD3707C9-5E15-4E43-9E7A-E911D95835BE}"
EndProject
Project("{9A19103F-16F7-4668-BE54-9A1E7A4F7556}") = "SGDAU.Common", "..\InfraStructure\SGDAU.Common\SGDAU.Common.csproj", "{AC195B36-ACF9-4306-B36B-898D1D1466DB}"
EndProject
Project("{FAE04EC0-301F-11D3-BF4B-00C04F79EFBC}") = "SGDAU.Seguranca.Domain", "..\Domain\SGDAU.Seguranca.Domain\SGDAU.Seguranca.Domain.csproj", "{A2D586F5-CCE7-4D23-A04B-2FD5961C92BD}"
EndProject
Project("{FAE04EC0-301F-11D3-BF4B-00C04F79EFBC}") = "SGDAU.Parametros.Domain", "..\Domain\SGDAU.Parametros.Domain\SGDAU.Parametros.Domain.csproj", "{506124BE-C3AF-4FB5-BF84-6F0F1869C62F}"
EndProject
Global
	GlobalSection(SolutionConfigurationPlatforms) = preSolution
		Debug|Any CPU = Debug|Any CPU
		Release|Any CPU = Release|Any CPU
	EndGlobalSection
	GlobalSection(ProjectConfigurationPlatforms) = postSolution
		{7D07AD8D-C5DA-4287-9687-F7F3EC929643}.Debug|Any CPU.ActiveCfg = Debug|Any CPU
		{7D07AD8D-C5DA-4287-9687-F7F3EC929643}.Debug|Any CPU.Build.0 = Debug|Any CPU
		{7D07AD8D-C5DA-4287-9687-F7F3EC929643}.Release|Any CPU.ActiveCfg = Release|Any CPU
		{7D07AD8D-C5DA-4287-9687-F7F3EC929643}.Release|Any CPU.Build.0 = Release|Any CPU
		{E85169CD-4B26-4A6B-9755-33805AED66E1}.Debug|Any CPU.ActiveCfg = Debug|Any CPU
		{E85169CD-4B26-4A6B-9755-33805AED66E1}.Debug|Any CPU.Build.0 = Debug|Any CPU
		{E85169CD-4B26-4A6B-9755-33805AED66E1}.Release|Any CPU.ActiveCfg = Release|Any CPU
		{E85169CD-4B26-4A6B-9755-33805AED66E1}.Release|Any CPU.Build.0 = Release|Any CPU
		{DD03A8FF-9C42-4C39-B880-E0F68C39AB89}.Debug|Any CPU.ActiveCfg = Debug|Any CPU
		{DD03A8FF-9C42-4C39-B880-E0F68C39AB89}.Debug|Any CPU.Build.0 = Debug|Any CPU
		{DD03A8FF-9C42-4C39-B880-E0F68C39AB89}.Release|Any CPU.ActiveCfg = Release|Any CPU
		{DD03A8FF-9C42-4C39-B880-E0F68C39AB89}.Release|Any CPU.Build.0 = Release|Any CPU
		{CD3707C9-5E15-4E43-9E7A-E911D95835BE}.Debug|Any CPU.ActiveCfg = Debug|Any CPU
		{CD3707C9-5E15-4E43-9E7A-E911D95835BE}.Debug|Any CPU.Build.0 = Debug|Any CPU
		{CD3707C9-5E15-4E43-9E7A-E911D95835BE}.Release|Any CPU.ActiveCfg = Release|Any CPU
		{CD3707C9-5E15-4E43-9E7A-E911D95835BE}.Release|Any CPU.Build.0 = Release|Any CPU
		{AC195B36-ACF9-4306-B36B-898D1D1466DB}.Debug|Any CPU.ActiveCfg = Debug|Any CPU
		{AC195B36-ACF9-4306-B36B-898D1D1466DB}.Debug|Any CPU.Build.0 = Debug|Any CPU
		{AC195B36-ACF9-4306-B36B-898D1D1466DB}.Release|Any CPU.ActiveCfg = Release|Any CPU
		{AC195B36-ACF9-4306-B36B-898D1D1466DB}.Release|Any CPU.Build.0 = Release|Any CPU
		{A2D586F5-CCE7-4D23-A04B-2FD5961C92BD}.Debug|Any CPU.ActiveCfg = Debug|Any CPU
		{A2D586F5-CCE7-4D23-A04B-2FD5961C92BD}.Debug|Any CPU.Build.0 = Debug|Any CPU
		{A2D586F5-CCE7-4D23-A04B-2FD5961C92BD}.Release|Any CPU.ActiveCfg = Release|Any CPU
		{A2D586F5-CCE7-4D23-A04B-2FD5961C92BD}.Release|Any CPU.Build.0 = Release|Any CPU
		{506124BE-C3AF-4FB5-BF84-6F0F1869C62F}.Debug|Any CPU.ActiveCfg = Debug|Any CPU
		{506124BE-C3AF-4FB5-BF84-6F0F1869C62F}.Debug|Any CPU.Build.0 = Debug|Any CPU
		{506124BE-C3AF-4FB5-BF84-6F0F1869C62F}.Release|Any CPU.ActiveCfg = Release|Any CPU
		{506124BE-C3AF-4FB5-BF84-6F0F1869C62F}.Release|Any CPU.Build.0 = Release|Any CPU
	EndGlobalSection
	GlobalSection(SolutionProperties) = preSolution
		HideSolutionNode = FALSE
	EndGlobalSection
	GlobalSection(NestedProjects) = preSolution
		{E85169CD-4B26-4A6B-9755-33805AED66E1} = {820FBE46-9F80-47EA-9229-C45BB4DDE510}
		{DD03A8FF-9C42-4C39-B880-E0F68C39AB89} = {949E2225-94F0-4A26-A52E-E466454924CC}
		{CD3707C9-5E15-4E43-9E7A-E911D95835BE} = {949E2225-94F0-4A26-A52E-E466454924CC}
		{AC195B36-ACF9-4306-B36B-898D1D1466DB} = {820FBE46-9F80-47EA-9229-C45BB4DDE510}
		{A2D586F5-CCE7-4D23-A04B-2FD5961C92BD} = {949E2225-94F0-4A26-A52E-E466454924CC}
		{506124BE-C3AF-4FB5-BF84-6F0F1869C62F} = {949E2225-94F0-4A26-A52E-E466454924CC}
	EndGlobalSection
	GlobalSection(ExtensibilityGlobals) = postSolution
		SolutionGuid = {EACA0F0B-A96B-4B9C-88BA-EC688FF5189B}
	EndGlobalSection
EndGlobal
